
Microsoft Visual Studio Solution File, Format Version 12.00
# Visual Studio Version 17
Project("{8BC9CEB8-8B4A-11D0-8D11-00A0C91BC942}") = "ALL_BUILD", "ALL_BUILD.vcxproj", "{CD1D8A80-7768-3E0C-8DD1-051F8D388964}"
	ProjectSection(ProjectDependencies) = postProject
		{07D4364B-598A-3224-8418-0759739F52FE} = {07D4364B-598A-3224-8418-0759739F52FE}
		{B9F85922-0724-302A-AEC8-9954C8187453} = {B9F85922-0724-302A-AEC8-9954C8187453}
		{35D703C0-2997-3348-A80D-773D4E114FEF} = {35D703C0-2997-3348-A80D-773D4E114FEF}
		{412B4437-EA6E-3735-A0D2-0513EC604D1B} = {412B4437-EA6E-3735-A0D2-0513EC604D1B}
		{03F241AE-DD99-335C-AAAA-E3ECCDFA6CA6} = {03F241AE-DD99-335C-AAAA-E3ECCDFA6CA6}
		{3CB2D7ED-2EF8-3AC8-965B-38C0FC47D071} = {3CB2D7ED-2EF8-3AC8-965B-38C0FC47D071}
		{31A304CF-4BF0-3823-A6F8-8D792D554948} = {31A304CF-4BF0-3823-A6F8-8D792D554948}
		{641B0573-47B3-33CD-A4F9-B752703C5028} = {641B0573-47B3-33CD-A4F9-B752703C5028}
		{D509B8BD-BC2E-3A9D-8C66-CF0D62D6C521} = {D509B8BD-BC2E-3A9D-8C66-CF0D62D6C521}
		{5C91A7BD-D39E-36AB-9D48-D8E2B883D253} = {5C91A7BD-D39E-36AB-9D48-D8E2B883D253}
		{CF155DB0-B86D-31AB-BAC0-6B4959930524} = {CF155DB0-B86D-31AB-BAC0-6B4959930524}
		{94131B9C-4DE1-3DDF-BCA9-D45330ACC518} = {94131B9C-4DE1-3DDF-BCA9-D45330ACC518}
		{6E2F0775-7A76-34B1-B3E1-2D0B986D9E77} = {6E2F0775-7A76-34B1-B3E1-2D0B986D9E77}
		{69DB658E-21C5-3C3A-A654-6FA61FDAFDCB} = {69DB658E-21C5-3C3A-A654-6FA61FDAFDCB}
		{69BBA716-286B-3040-8CE7-A87E9DF8C51F} = {69BBA716-286B-3040-8CE7-A87E9DF8C51F}
		{A550DE4F-794E-3226-9EDD-414F793CA1A7} = {A550DE4F-794E-3226-9EDD-414F793CA1A7}
		{49594440-800E-3D05-A651-756C8CC39F24} = {49594440-800E-3D05-A651-756C8CC39F24}
		{A9EB7703-9ACD-3F06-9379-F3260A731ECC} = {A9EB7703-9ACD-3F06-9379-F3260A731ECC}
		{56CBE19F-730F-3090-AF86-F92406EDF598} = {56CBE19F-730F-3090-AF86-F92406EDF598}
		{7E984227-26ED-3C10-BED9-73500DF9B383} = {7E984227-26ED-3C10-BED9-73500DF9B383}
		{DC2C66AC-AE5E-3FEE-B29A-C39B1764272F} = {DC2C66AC-AE5E-3FEE-B29A-C39B1764272F}
		{E5839C8A-4125-306A-A7DB-14EA8FD52627} = {E5839C8A-4125-306A-A7DB-14EA8FD52627}
		{7E2884F1-BF93-3F8F-BAC8-AF7D9A34D51A} = {7E2884F1-BF93-3F8F-BAC8-AF7D9A34D51A}
		{AB8DA7FF-6EB3-3EE2-A934-FD2FC67CA410} = {AB8DA7FF-6EB3-3EE2-A934-FD2FC67CA410}
		{E9E76CA9-CE22-3DE9-B1CC-129B462A1807} = {E9E76CA9-CE22-3DE9-B1CC-129B462A1807}
		{1C524A01-890D-398D-9611-B4C1FBD89100} = {1C524A01-890D-398D-9611-B4C1FBD89100}
		{482F95C4-5E1B-38DC-AFE6-23312B2C7387} = {482F95C4-5E1B-38DC-AFE6-23312B2C7387}
		{D2AB6843-37E8-3B86-B9CF-EA2ABF681CAA} = {D2AB6843-37E8-3B86-B9CF-EA2ABF681CAA}
		{0566C058-F5C7-3873-9131-3CFE59B4CB1A} = {0566C058-F5C7-3873-9131-3CFE59B4CB1A}
		{F7BB4F0A-1EA7-36E2-B413-12823C71F3BE} = {F7BB4F0A-1EA7-36E2-B413-12823C71F3BE}
		{274B782A-EE14-312B-84AB-CCB800C85767} = {274B782A-EE14-312B-84AB-CCB800C85767}
		{26481E95-B0A1-33CD-8489-B1DAC26DE70C} = {26481E95-B0A1-33CD-8489-B1DAC26DE70C}
		{5CBED831-4441-3FD4-9EA4-565558900110} = {5CBED831-4441-3FD4-9EA4-565558900110}
		{197570A1-432D-3E20-B9F4-5E1B6883357A} = {197570A1-432D-3E20-B9F4-5E1B6883357A}
		{0D136FB4-7082-31FB-B2C9-D44AA6A3502A} = {0D136FB4-7082-31FB-B2C9-D44AA6A3502A}
		{674971E3-C99C-3467-9CD1-4EF75A8DB6EB} = {674971E3-C99C-3467-9CD1-4EF75A8DB6EB}
		{1FBFB8DD-9C83-3798-A13E-202ED9C4895C} = {1FBFB8DD-9C83-3798-A13E-202ED9C4895C}
		{D5493E58-A9CB-3092-8C77-EC7056B1F3A0} = {D5493E58-A9CB-3092-8C77-EC7056B1F3A0}
		{9C249DE4-0E42-3F34-8CE0-79BE4754BFB5} = {9C249DE4-0E42-3F34-8CE0-79BE4754BFB5}
		{87C1CD8E-F6B2-3B13-8B38-05ABA6780AE5} = {87C1CD8E-F6B2-3B13-8B38-05ABA6780AE5}
		{0F960024-4011-3160-BB1F-F844FE85BD94} = {0F960024-4011-3160-BB1F-F844FE85BD94}
		{4B055B3B-267E-32F6-8002-0C75AEB0BFB2} = {4B055B3B-267E-32F6-8002-0C75AEB0BFB2}
		{A68BE401-EE29-3552-B5CE-21B0B69AFDE8} = {A68BE401-EE29-3552-B5CE-21B0B69AFDE8}
		{D05528A3-EF8E-303D-8CF7-DB2C6BF2CF91} = {D05528A3-EF8E-303D-8CF7-DB2C6BF2CF91}
		{8EBE1DA4-84C8-3982-B86C-6BBCDF1E5FE6} = {8EBE1DA4-84C8-3982-B86C-6BBCDF1E5FE6}
		{3373E6FF-07C4-349D-BF1E-31169E8AD115} = {3373E6FF-07C4-349D-BF1E-31169E8AD115}
		{284239A9-10E6-3D24-9CF2-395CD26A9320} = {284239A9-10E6-3D24-9CF2-395CD26A9320}
		{EC78EC8F-FEC6-3F12-82A5-3B5DD662ED98} = {EC78EC8F-FEC6-3F12-82A5-3B5DD662ED98}
	EndProjectSection
EndProject
Project("{8BC9CEB8-8B4A-11D0-8D11-00A0C91BC942}") = "RUN_TESTS", "RUN_TESTS.vcxproj", "{451EFA36-3F54-3A50-A5C4-BDC3FA39EBF3}"
	ProjectSection(ProjectDependencies) = postProject
		{07D4364B-598A-3224-8418-0759739F52FE} = {07D4364B-598A-3224-8418-0759739F52FE}
	EndProjectSection
EndProject
Project("{8BC9CEB8-8B4A-11D0-8D11-00A0C91BC942}") = "ZERO_CHECK", "ZERO_CHECK.vcxproj", "{07D4364B-598A-3224-8418-0759739F52FE}"
	ProjectSection(ProjectDependencies) = postProject
	EndProjectSection
EndProject
Project("{8BC9CEB8-8B4A-11D0-8D11-00A0C91BC942}") = "eni", "cli\eni.vcxproj", "{B9F85922-0724-302A-AEC8-9954C8187453}"
	ProjectSection(ProjectDependencies) = postProject
		{07D4364B-598A-3224-8418-0759739F52FE} = {07D4364B-598A-3224-8418-0759739F52FE}
		{35D703C0-2997-3348-A80D-773D4E114FEF} = {35D703C0-2997-3348-A80D-773D4E114FEF}
		{412B4437-EA6E-3735-A0D2-0513EC604D1B} = {412B4437-EA6E-3735-A0D2-0513EC604D1B}
		{03F241AE-DD99-335C-AAAA-E3ECCDFA6CA6} = {03F241AE-DD99-335C-AAAA-E3ECCDFA6CA6}
		{3CB2D7ED-2EF8-3AC8-965B-38C0FC47D071} = {3CB2D7ED-2EF8-3AC8-965B-38C0FC47D071}
		{31A304CF-4BF0-3823-A6F8-8D792D554948} = {31A304CF-4BF0-3823-A6F8-8D792D554948}
	EndProjectSection
EndProject
Project("{8BC9CEB8-8B4A-11D0-8D11-00A0C91BC942}") = "eni_common", "common\eni_common.vcxproj", "{35D703C0-2997-3348-A80D-773D4E114FEF}"
	ProjectSection(ProjectDependencies) = postProject
		{07D4364B-598A-3224-8418-0759739F52FE} = {07D4364B-598A-3224-8418-0759739F52FE}
	EndProjectSection
EndProject
Project("{8BC9CEB8-8B4A-11D0-8D11-00A0C91BC942}") = "eni_framework", "framework\eni_framework.vcxproj", "{412B4437-EA6E-3735-A0D2-0513EC604D1B}"
	ProjectSection(ProjectDependencies) = postProject
		{07D4364B-598A-3224-8418-0759739F52FE} = {07D4364B-598A-3224-8418-0759739F52FE}
		{35D703C0-2997-3348-A80D-773D4E114FEF} = {35D703C0-2997-3348-A80D-773D4E114FEF}
		{03F241AE-DD99-335C-AAAA-E3ECCDFA6CA6} = {03F241AE-DD99-335C-AAAA-E3ECCDFA6CA6}
		{3CB2D7ED-2EF8-3AC8-965B-38C0FC47D071} = {3CB2D7ED-2EF8-3AC8-965B-38C0FC47D071}
	EndProjectSection
EndProject
Project("{8BC9CEB8-8B4A-11D0-8D11-00A0C91BC942}") = "eni_min", "min\eni_min.vcxproj", "{03F241AE-DD99-335C-AAAA-E3ECCDFA6CA6}"
	ProjectSection(ProjectDependencies) = postProject
		{07D4364B-598A-3224-8418-0759739F52FE} = {07D4364B-598A-3224-8418-0759739F52FE}
		{35D703C0-2997-3348-A80D-773D4E114FEF} = {35D703C0-2997-3348-A80D-773D4E114FEF}
	EndProjectSection
EndProject
Project("{8BC9CEB8-8B4A-11D0-8D11-00A0C91BC942}") = "eni_platform", "platform\eni_platform.vcxproj", "{3CB2D7ED-2EF8-3AC8-965B-38C0FC47D071}"
	ProjectSection(ProjectDependencies) = postProject
		{07D4364B-598A-3224-8418-0759739F52FE} = {07D4364B-598A-3224-8418-0759739F52FE}
		{35D703C0-2997-3348-A80D-773D4E114FEF} = {35D703C0-2997-3348-A80D-773D4E114FEF}
	EndProjectSection
EndProject
Project("{8BC9CEB8-8B4A-11D0-8D11-00A0C91BC942}") = "eni_providers", "providers\eni_providers.vcxproj", "{31A304CF-4BF0-3823-A6F8-8D792D554948}"
	ProjectSection(ProjectDependencies) = postProject
		{07D4364B-598A-3224-8418-0759739F52FE} = {07D4364B-598A-3224-8418-0759739F52FE}
		{35D703C0-2997-3348-A80D-773D4E114FEF} = {35D703C0-2997-3348-A80D-773D4E114FEF}
	EndProjectSection
EndProject
Project("{8BC9CEB8-8B4A-11D0-8D11-00A0C91BC942}") = "eni_test_bci_pipeline", "tests\eni_test_bci_pipeline.vcxproj", "{641B0573-47B3-33CD-A4F9-B752703C5028}"
	ProjectSection(ProjectDependencies) = postProject
		{07D4364B-598A-3224-8418-0759739F52FE} = {07D4364B-598A-3224-8418-0759739F52FE}
		{35D703C0-2997-3348-A80D-773D4E114FEF} = {35D703C0-2997-3348-A80D-773D4E114FEF}
		{31A304CF-4BF0-3823-A6F8-8D792D554948} = {31A304CF-4BF0-3823-A6F8-8D792D554948}
	EndProjectSection
EndProject
Project("{8BC9CEB8-8B4A-11D0-8D11-00A0C91BC942}") = "eni_test_calibration_session", "tests\eni_test_calibration_session.vcxproj", "{D509B8BD-BC2E-3A9D-8C66-CF0D62D6C521}"
	ProjectSection(ProjectDependencies) = postProject
		{07D4364B-598A-3224-8418-0759739F52FE} = {07D4364B-598A-3224-8418-0759739F52FE}
		{35D703C0-2997-3348-A80D-773D4E114FEF} = {35D703C0-2997-3348-A80D-773D4E114FEF}
		{3CB2D7ED-2EF8-3AC8-965B-38C0FC47D071} = {3CB2D7ED-2EF8-3AC8-965B-38C0FC47D071}
	EndProjectSection
EndProject
Project("{8BC9CEB8-8B4A-11D0-8D11-00A0C91BC942}") = "eni_test_common", "tests\eni_test_common.vcxproj", "{5C91A7BD-D39E-36AB-9D48-D8E2B883D253}"
	ProjectSection(ProjectDependencies) = postProject
		{07D4364B-598A-3224-8418-0759739F52FE} = {07D4364B-598A-3224-8418-0759739F52FE}
		{35D703C0-2997-3348-A80D-773D4E114FEF} = {35D703C0-2997-3348-A80D-773D4E114FEF}
	EndProjectSection
EndProject
Project("{8BC9CEB8-8B4A-11D0-8D11-00A0C91BC942}") = "eni_test_concurrent_stress", "tests\eni_test_concurrent_stress.vcxproj", "{CF155DB0-B86D-31AB-BAC0-6B4959930524}"
	ProjectSection(ProjectDependencies) = postProject
		{07D4364B-598A-3224-8418-0759739F52FE} = {07D4364B-598A-3224-8418-0759739F52FE}
		{35D703C0-2997-3348-A80D-773D4E114FEF} = {35D703C0-2997-3348-A80D-773D4E114FEF}
		{412B4437-EA6E-3735-A0D2-0513EC604D1B} = {412B4437-EA6E-3735-A0D2-0513EC604D1B}
		{03F241AE-DD99-335C-AAAA-E3ECCDFA6CA6} = {03F241AE-DD99-335C-AAAA-E3ECCDFA6CA6}
		{3CB2D7ED-2EF8-3AC8-965B-38C0FC47D071} = {3CB2D7ED-2EF8-3AC8-965B-38C0FC47D071}
	EndProjectSection
EndProject
Project("{8BC9CEB8-8B4A-11D0-8D11-00A0C91BC942}") = "eni_test_config_extended", "tests\eni_test_config_extended.vcxproj", "{94131B9C-4DE1-3DDF-BCA9-D45330ACC518}"
	ProjectSection(ProjectDependencies) = postProject
		{07D4364B-598A-3224-8418-0759739F52FE} = {07D4364B-598A-3224-8418-0759739F52FE}
		{35D703C0-2997-3348-A80D-773D4E114FEF} = {35D703C0-2997-3348-A80D-773D4E114FEF}
	EndProjectSection
EndProject
Project("{8BC9CEB8-8B4A-11D0-8D11-00A0C91BC942}") = "eni_test_data_formats", "tests\eni_test_data_formats.vcxproj", "{6E2F0775-7A76-34B1-B3E1-2D0B986D9E77}"
	ProjectSection(ProjectDependencies) = postProject
		{07D4364B-598A-3224-8418-0759739F52FE} = {07D4364B-598A-3224-8418-0759739F52FE}
		{35D703C0-2997-3348-A80D-773D4E114FEF} = {35D703C0-2997-3348-A80D-773D4E114FEF}
		{3CB2D7ED-2EF8-3AC8-965B-38C0FC47D071} = {3CB2D7ED-2EF8-3AC8-965B-38C0FC47D071}
	EndProjectSection
EndProject
Project("{8BC9CEB8-8B4A-11D0-8D11-00A0C91BC942}") = "eni_test_decoder", "tests\eni_test_decoder.vcxproj", "{69DB658E-21C5-3C3A-A654-6FA61FDAFDCB}"
	ProjectSection(ProjectDependencies) = postProject
		{07D4364B-598A-3224-8418-0759739F52FE} = {07D4364B-598A-3224-8418-0759739F52FE}
		{35D703C0-2997-3348-A80D-773D4E114FEF} = {35D703C0-2997-3348-A80D-773D4E114FEF}
	EndProjectSection
EndProject
Project("{8BC9CEB8-8B4A-11D0-8D11-00A0C91BC942}") = "eni_test_decoder_extended", "tests\eni_test_decoder_extended.vcxproj", "{69BBA716-286B-3040-8CE7-A87E9DF8C51F}"
	ProjectSection(ProjectDependencies) = postProject
		{07D4364B-598A-3224-8418-0759739F52FE} = {07D4364B-598A-3224-8418-0759739F52FE}
		{35D703C0-2997-3348-A80D-773D4E114FEF} = {35D703C0-2997-3348-A80D-773D4E114FEF}
		{F7BB4F0A-1EA7-36E2-B413-12823C71F3BE} = {F7BB4F0A-1EA7-36E2-B413-12823C71F3BE}
	EndProjectSection
EndProject
Project("{8BC9CEB8-8B4A-11D0-8D11-00A0C91BC942}") = "eni_test_dsp", "tests\eni_test_dsp.vcxproj", "{A550DE4F-794E-3226-9EDD-414F793CA1A7}"
	ProjectSection(ProjectDependencies) = postProject
		{07D4364B-598A-3224-8418-0759739F52FE} = {07D4364B-598A-3224-8418-0759739F52FE}
		{35D703C0-2997-3348-A80D-773D4E114FEF} = {35D703C0-2997-3348-A80D-773D4E114FEF}
	EndProjectSection
EndProject
Project("{8BC9CEB8-8B4A-11D0-8D11-00A0C91BC942}") = "eni_test_dsp_extended", "tests\eni_test_dsp_extended.vcxproj", "{49594440-800E-3D05-A651-756C8CC39F24}"
	ProjectSection(ProjectDependencies) = postProject
		{07D4364B-598A-3224-8418-0759739F52FE} = {07D4364B-598A-3224-8418-0759739F52FE}
		{35D703C0-2997-3348-A80D-773D4E114FEF} = {35D703C0-2997-3348-A80D-773D4E114FEF}
		{F7BB4F0A-1EA7-36E2-B413-12823C71F3BE} = {F7BB4F0A-1EA7-36E2-B413-12823C71F3BE}
	EndProjectSection
EndProject
Project("{8BC9CEB8-8B4A-11D0-8D11-00A0C91BC942}") = "eni_test_event", "tests\eni_test_event.vcxproj", "{A9EB7703-9ACD-3F06-9379-F3260A731ECC}"
	ProjectSection(ProjectDependencies) = postProject
		{07D4364B-598A-3224-8418-0759739F52FE} = {07D4364B-598A-3224-8418-0759739F52FE}
		{35D703C0-2997-3348-A80D-773D4E114FEF} = {35D703C0-2997-3348-A80D-773D4E114FEF}
	EndProjectSection
EndProject
Project("{8BC9CEB8-8B4A-11D0-8D11-00A0C91BC942}") = "eni_test_event_coverage", "tests\eni_test_event_coverage.vcxproj", "{56CBE19F-730F-3090-AF86-F92406EDF598}"
	ProjectSection(ProjectDependencies) = postProject
		{07D4364B-598A-3224-8418-0759739F52FE} = {07D4364B-598A-3224-8418-0759739F52FE}
		{35D703C0-2997-3348-A80D-773D4E114FEF} = {35D703C0-2997-3348-A80D-773D4E114FEF}
	EndProjectSection
EndProject
Project("{8BC9CEB8-8B4A-11D0-8D11-00A0C91BC942}") = "eni_test_event_feedback", "tests\eni_test_event_feedback.vcxproj", "{7E984227-26ED-3C10-BED9-73500DF9B383}"
	ProjectSection(ProjectDependencies) = postProject
		{07D4364B-598A-3224-8418-0759739F52FE} = {07D4364B-598A-3224-8418-0759739F52FE}
		{35D703C0-2997-3348-A80D-773D4E114FEF} = {35D703C0-2997-3348-A80D-773D4E114FEF}
	EndProjectSection
EndProject
Project("{8BC9CEB8-8B4A-11D0-8D11-00A0C91BC942}") = "eni_test_filter", "tests\eni_test_filter.vcxproj", "{DC2C66AC-AE5E-3FEE-B29A-C39B1764272F}"
	ProjectSection(ProjectDependencies) = postProject
		{07D4364B-598A-3224-8418-0759739F52FE} = {07D4364B-598A-3224-8418-0759739F52FE}
		{35D703C0-2997-3348-A80D-773D4E114FEF} = {35D703C0-2997-3348-A80D-773D4E114FEF}
		{03F241AE-DD99-335C-AAAA-E3ECCDFA6CA6} = {03F241AE-DD99-335C-AAAA-E3ECCDFA6CA6}
	EndProjectSection
EndProject
Project("{8BC9CEB8-8B4A-11D0-8D11-00A0C91BC942}") = "eni_test_framework", "tests\eni_test_framework.vcxproj", "{E5839C8A-4125-306A-A7DB-14EA8FD52627}"
	ProjectSection(ProjectDependencies) = postProject
		{07D4364B-598A-3224-8418-0759739F52FE} = {07D4364B-598A-3224-8418-0759739F52FE}
		{35D703C0-2997-3348-A80D-773D4E114FEF} = {35D703C0-2997-3348-A80D-773D4E114FEF}
		{412B4437-EA6E-3735-A0D2-0513EC604D1B} = {412B4437-EA6E-3735-A0D2-0513EC604D1B}
		{03F241AE-DD99-335C-AAAA-E3ECCDFA6CA6} = {03F241AE-DD99-335C-AAAA-E3ECCDFA6CA6}
		{3CB2D7ED-2EF8-3AC8-965B-38C0FC47D071} = {3CB2D7ED-2EF8-3AC8-965B-38C0FC47D071}
	EndProjectSection
EndProject
Project("{8BC9CEB8-8B4A-11D0-8D11-00A0C91BC942}") = "eni_test_full_pipeline", "tests\eni_test_full_pipeline.vcxproj", "{7E2884F1-BF93-3F8F-BAC8-AF7D9A34D51A}"
	ProjectSection(ProjectDependencies) = postProject
		{07D4364B-598A-3224-8418-0759739F52FE} = {07D4364B-598A-3224-8418-0759739F52FE}
		{35D703C0-2997-3348-A80D-773D4E114FEF} = {35D703C0-2997-3348-A80D-773D4E114FEF}
		{31A304CF-4BF0-3823-A6F8-8D792D554948} = {31A304CF-4BF0-3823-A6F8-8D792D554948}
		{F7BB4F0A-1EA7-36E2-B413-12823C71F3BE} = {F7BB4F0A-1EA7-36E2-B413-12823C71F3BE}
	EndProjectSection
EndProject
Project("{8BC9CEB8-8B4A-11D0-8D11-00A0C91BC942}") = "eni_test_fw_decoder", "tests\eni_test_fw_decoder.vcxproj", "{AB8DA7FF-6EB3-3EE2-A934-FD2FC67CA410}"
	ProjectSection(ProjectDependencies) = postProject
		{07D4364B-598A-3224-8418-0759739F52FE} = {07D4364B-598A-3224-8418-0759739F52FE}
		{35D703C0-2997-3348-A80D-773D4E114FEF} = {35D703C0-2997-3348-A80D-773D4E114FEF}
	EndProjectSection
EndProject
Project("{8BC9CEB8-8B4A-11D0-8D11-00A0C91BC942}") = "eni_test_fw_feedback", "tests\eni_test_fw_feedback.vcxproj", "{E9E76CA9-CE22-3DE9-B1CC-129B462A1807}"
	ProjectSection(ProjectDependencies) = postProject
		{07D4364B-598A-3224-8418-0759739F52FE} = {07D4364B-598A-3224-8418-0759739F52FE}
		{35D703C0-2997-3348-A80D-773D4E114FEF} = {35D703C0-2997-3348-A80D-773D4E114FEF}
	EndProjectSection
EndProject
Project("{8BC9CEB8-8B4A-11D0-8D11-00A0C91BC942}") = "eni_test_json", "tests\eni_test_json.vcxproj", "{1C524A01-890D-398D-9611-B4C1FBD89100}"
	ProjectSection(ProjectDependencies) = postProject
		{07D4364B-598A-3224-8418-0759739F52FE} = {07D4364B-598A-3224-8418-0759739F52FE}
		{35D703C0-2997-3348-A80D-773D4E114FEF} = {35D703C0-2997-3348-A80D-773D4E114FEF}
	EndProjectSection
EndProject
Project("{8BC9CEB8-8B4A-11D0-8D11-00A0C91BC942}") = "eni_test_log_coverage", "tests\eni_test_log_coverage.vcxproj", "{482F95C4-5E1B-38DC-AFE6-23312B2C7387}"
	ProjectSection(ProjectDependencies) = postProject
		{07D4364B-598A-3224-8418-0759739F52FE} = {07D4364B-598A-3224-8418-0759739F52FE}
		{35D703C0-2997-3348-A80D-773D4E114FEF} = {35D703C0-2997-3348-A80D-773D4E114FEF}
	EndProjectSection
EndProject
Project("{8BC9CEB8-8B4A-11D0-8D11-00A0C91BC942}") = "eni_test_min", "tests\eni_test_min.vcxproj", "{D2AB6843-37E8-3B86-B9CF-EA2ABF681CAA}"
	ProjectSection(ProjectDependencies) = postProject
		{07D4364B-598A-3224-8418-0759739F52FE} = {07D4364B-598A-3224-8418-0759739F52FE}
		{35D703C0-2997-3348-A80D-773D4E114FEF} = {35D703C0-2997-3348-A80D-773D4E114FEF}
		{03F241AE-DD99-335C-AAAA-E3ECCDFA6CA6} = {03F241AE-DD99-335C-AAAA-E3ECCDFA6CA6}
	EndProjectSection
EndProject
Project("{8BC9CEB8-8B4A-11D0-8D11-00A0C91BC942}") = "eni_test_mini_session", "tests\eni_test_mini_session.vcxproj", "{0566C058-F5C7-3873-9131-3CFE59B4CB1A}"
	ProjectSection(ProjectDependencies) = postProject
		{07D4364B-598A-3224-8418-0759739F52FE} = {07D4364B-598A-3224-8418-0759739F52FE}
		{35D703C0-2997-3348-A80D-773D4E114FEF} = {35D703C0-2997-3348-A80D-773D4E114FEF}
		{3CB2D7ED-2EF8-3AC8-965B-38C0FC47D071} = {3CB2D7ED-2EF8-3AC8-965B-38C0FC47D071}
	EndProjectSection
EndProject
Project("{8BC9CEB8-8B4A-11D0-8D11-00A0C91BC942}") = "eni_test_mocks", "tests\eni_test_mocks.vcxproj", "{F7BB4F0A-1EA7-36E2-B413-12823C71F3BE}"
	ProjectSection(ProjectDependencies) = postProject
		{07D4364B-598A-3224-8418-0759739F52FE} = {07D4364B-598A-3224-8418-0759739F52FE}
		{35D703C0-2997-3348-A80D-773D4E114FEF} = {35D703C0-2997-3348-A80D-773D4E114FEF}
	EndProjectSection
EndProject
Project("{8BC9CEB8-8B4A-11D0-8D11-00A0C91BC942}") = "eni_test_neuralink", "tests\eni_test_neuralink.vcxproj", "{274B782A-EE14-312B-84AB-CCB800C85767}"
	ProjectSection(ProjectDependencies) = postProject
		{07D4364B-598A-3224-8418-0759739F52FE} = {07D4364B-598A-3224-8418-0759739F52FE}
		{35D703C0-2997-3348-A80D-773D4E114FEF} = {35D703C0-2997-3348-A80D-773D4E114FEF}
		{31A304CF-4BF0-3823-A6F8-8D792D554948} = {31A304CF-4BF0-3823-A6F8-8D792D554948}
	EndProjectSection
EndProject
Project("{8BC9CEB8-8B4A-11D0-8D11-00A0C91BC942}") = "eni_test_nn", "tests\eni_test_nn.vcxproj", "{26481E95-B0A1-33CD-8489-B1DAC26DE70C}"
	ProjectSection(ProjectDependencies) = postProject
		{07D4364B-598A-3224-8418-0759739F52FE} = {07D4364B-598A-3224-8418-0759739F52FE}
		{35D703C0-2997-3348-A80D-773D4E114FEF} = {35D703C0-2997-3348-A80D-773D4E114FEF}
	EndProjectSection
EndProject
Project("{8BC9CEB8-8B4A-11D0-8D11-00A0C91BC942}") = "eni_test_nn_extended", "tests\eni_test_nn_extended.vcxproj", "{5CBED831-4441-3FD4-9EA4-565558900110}"
	ProjectSection(ProjectDependencies) = postProject
		{07D4364B-598A-3224-8418-0759739F52FE} = {07D4364B-598A-3224-8418-0759739F52FE}
		{35D703C0-2997-3348-A80D-773D4E114FEF} = {35D703C0-2997-3348-A80D-773D4E114FEF}
		{F7BB4F0A-1EA7-36E2-B413-12823C71F3BE} = {F7BB4F0A-1EA7-36E2-B413-12823C71F3BE}
	EndProjectSection
EndProject
Project("{8BC9CEB8-8B4A-11D0-8D11-00A0C91BC942}") = "eni_test_normalizer", "tests\eni_test_normalizer.vcxproj", "{197570A1-432D-3E20-B9F4-5E1B6883357A}"
	ProjectSection(ProjectDependencies) = postProject
		{07D4364B-598A-3224-8418-0759739F52FE} = {07D4364B-598A-3224-8418-0759739F52FE}
		{35D703C0-2997-3348-A80D-773D4E114FEF} = {35D703C0-2997-3348-A80D-773D4E114FEF}
		{03F241AE-DD99-335C-AAAA-E3ECCDFA6CA6} = {03F241AE-DD99-335C-AAAA-E3ECCDFA6CA6}
	EndProjectSection
EndProject
Project("{8BC9CEB8-8B4A-11D0-8D11-00A0C91BC942}") = "eni_test_platform_extended", "tests\eni_test_platform_extended.vcxproj", "{0D136FB4-7082-31FB-B2C9-D44AA6A3502A}"
	ProjectSection(ProjectDependencies) = postProject
		{07D4364B-598A-3224-8418-0759739F52FE} = {07D4364B-598A-3224-8418-0759739F52FE}
		{35D703C0-2997-3348-A80D-773D4E114FEF} = {35D703C0-2997-3348-A80D-773D4E114FEF}
		{3CB2D7ED-2EF8-3AC8-965B-38C0FC47D071} = {3CB2D7ED-2EF8-3AC8-965B-38C0FC47D071}
	EndProjectSection
EndProject
Project("{8BC9CEB8-8B4A-11D0-8D11-00A0C91BC942}") = "eni_test_policy", "tests\eni_test_policy.vcxproj", "{674971E3-C99C-3467-9CD1-4EF75A8DB6EB}"
	ProjectSection(ProjectDependencies) = postProject
		{07D4364B-598A-3224-8418-0759739F52FE} = {07D4364B-598A-3224-8418-0759739F52FE}
		{35D703C0-2997-3348-A80D-773D4E114FEF} = {35D703C0-2997-3348-A80D-773D4E114FEF}
	EndProjectSection
EndProject
Project("{8BC9CEB8-8B4A-11D0-8D11-00A0C91BC942}") = "eni_test_policy_coverage", "tests\eni_test_policy_coverage.vcxproj", "{1FBFB8DD-9C83-3798-A13E-202ED9C4895C}"
	ProjectSection(ProjectDependencies) = postProject
		{07D4364B-598A-3224-8418-0759739F52FE} = {07D4364B-598A-3224-8418-0759739F52FE}
		{35D703C0-2997-3348-A80D-773D4E114FEF} = {35D703C0-2997-3348-A80D-773D4E114FEF}
	EndProjectSection
EndProject
Project("{8BC9CEB8-8B4A-11D0-8D11-00A0C91BC942}") = "eni_test_provider_eeg", "tests\eni_test_provider_eeg.vcxproj", "{D5493E58-A9CB-3092-8C77-EC7056B1F3A0}"
	ProjectSection(ProjectDependencies) = postProject
		{07D4364B-598A-3224-8418-0759739F52FE} = {07D4364B-598A-3224-8418-0759739F52FE}
		{35D703C0-2997-3348-A80D-773D4E114FEF} = {35D703C0-2997-3348-A80D-773D4E114FEF}
		{31A304CF-4BF0-3823-A6F8-8D792D554948} = {31A304CF-4BF0-3823-A6F8-8D792D554948}
	EndProjectSection
EndProject
Project("{8BC9CEB8-8B4A-11D0-8D11-00A0C91BC942}") = "eni_test_provider_lifecycle", "tests\eni_test_provider_lifecycle.vcxproj", "{9C249DE4-0E42-3F34-8CE0-79BE4754BFB5}"
	ProjectSection(ProjectDependencies) = postProject
		{07D4364B-598A-3224-8418-0759739F52FE} = {07D4364B-598A-3224-8418-0759739F52FE}
		{35D703C0-2997-3348-A80D-773D4E114FEF} = {35D703C0-2997-3348-A80D-773D4E114FEF}
		{F7BB4F0A-1EA7-36E2-B413-12823C71F3BE} = {F7BB4F0A-1EA7-36E2-B413-12823C71F3BE}
	EndProjectSection
EndProject
Project("{8BC9CEB8-8B4A-11D0-8D11-00A0C91BC942}") = "eni_test_providers", "tests\eni_test_providers.vcxproj", "{87C1CD8E-F6B2-3B13-8B38-05ABA6780AE5}"
	ProjectSection(ProjectDependencies) = postProject
		{07D4364B-598A-3224-8418-0759739F52FE} = {07D4364B-598A-3224-8418-0759739F52FE}
		{35D703C0-2997-3348-A80D-773D4E114FEF} = {35D703C0-2997-3348-A80D-773D4E114FEF}
		{31A304CF-4BF0-3823-A6F8-8D792D554948} = {31A304CF-4BF0-3823-A6F8-8D792D554948}
	EndProjectSection
EndProject
Project("{8BC9CEB8-8B4A-11D0-8D11-00A0C91BC942}") = "eni_test_session_calibration", "tests\eni_test_session_calibration.vcxproj", "{0F960024-4011-3160-BB1F-F844FE85BD94}"
	ProjectSection(ProjectDependencies) = postProject
		{07D4364B-598A-3224-8418-0759739F52FE} = {07D4364B-598A-3224-8418-0759739F52FE}
		{35D703C0-2997-3348-A80D-773D4E114FEF} = {35D703C0-2997-3348-A80D-773D4E114FEF}
		{3CB2D7ED-2EF8-3AC8-965B-38C0FC47D071} = {3CB2D7ED-2EF8-3AC8-965B-38C0FC47D071}
	EndProjectSection
EndProject
Project("{8BC9CEB8-8B4A-11D0-8D11-00A0C91BC942}") = "eni_test_stim_safety", "tests\eni_test_stim_safety.vcxproj", "{4B055B3B-267E-32F6-8002-0C75AEB0BFB2}"
	ProjectSection(ProjectDependencies) = postProject
		{07D4364B-598A-3224-8418-0759739F52FE} = {07D4364B-598A-3224-8418-0759739F52FE}
		{35D703C0-2997-3348-A80D-773D4E114FEF} = {35D703C0-2997-3348-A80D-773D4E114FEF}
	EndProjectSection
EndProject
Project("{8BC9CEB8-8B4A-11D0-8D11-00A0C91BC942}") = "eni_test_stim_safety_coverage", "tests\eni_test_stim_safety_coverage.vcxproj", "{A68BE401-EE29-3552-B5CE-21B0B69AFDE8}"
	ProjectSection(ProjectDependencies) = postProject
		{07D4364B-598A-3224-8418-0759739F52FE} = {07D4364B-598A-3224-8418-0759739F52FE}
		{35D703C0-2997-3348-A80D-773D4E114FEF} = {35D703C0-2997-3348-A80D-773D4E114FEF}
	EndProjectSection
EndProject
Project("{8BC9CEB8-8B4A-11D0-8D11-00A0C91BC942}") = "eni_test_stim_safety_extended", "tests\eni_test_stim_safety_extended.vcxproj", "{D05528A3-EF8E-303D-8CF7-DB2C6BF2CF91}"
	ProjectSection(ProjectDependencies) = postProject
		{07D4364B-598A-3224-8418-0759739F52FE} = {07D4364B-598A-3224-8418-0759739F52FE}
		{35D703C0-2997-3348-A80D-773D4E114FEF} = {35D703C0-2997-3348-A80D-773D4E114FEF}
		{F7BB4F0A-1EA7-36E2-B413-12823C71F3BE} = {F7BB4F0A-1EA7-36E2-B413-12823C71F3BE}
	EndProjectSection
EndProject
Project("{8BC9CEB8-8B4A-11D0-8D11-00A0C91BC942}") = "eni_test_stimulator", "tests\eni_test_stimulator.vcxproj", "{8EBE1DA4-84C8-3982-B86C-6BBCDF1E5FE6}"
	ProjectSection(ProjectDependencies) = postProject
		{07D4364B-598A-3224-8418-0759739F52FE} = {07D4364B-598A-3224-8418-0759739F52FE}
		{35D703C0-2997-3348-A80D-773D4E114FEF} = {35D703C0-2997-3348-A80D-773D4E114FEF}
		{31A304CF-4BF0-3823-A6F8-8D792D554948} = {31A304CF-4BF0-3823-A6F8-8D792D554948}
	EndProjectSection
EndProject
Project("{8BC9CEB8-8B4A-11D0-8D11-00A0C91BC942}") = "eni_test_stream_bus_extended", "tests\eni_test_stream_bus_extended.vcxproj", "{3373E6FF-07C4-349D-BF1E-31169E8AD115}"
	ProjectSection(ProjectDependencies) = postProject
		{07D4364B-598A-3224-8418-0759739F52FE} = {07D4364B-598A-3224-8418-0759739F52FE}
		{35D703C0-2997-3348-A80D-773D4E114FEF} = {35D703C0-2997-3348-A80D-773D4E114FEF}
		{412B4437-EA6E-3735-A0D2-0513EC604D1B} = {412B4437-EA6E-3735-A0D2-0513EC604D1B}
		{03F241AE-DD99-335C-AAAA-E3ECCDFA6CA6} = {03F241AE-DD99-335C-AAAA-E3ECCDFA6CA6}
		{3CB2D7ED-2EF8-3AC8-965B-38C0FC47D071} = {3CB2D7ED-2EF8-3AC8-965B-38C0FC47D071}
	EndProjectSection
EndProject
Project("{8BC9CEB8-8B4A-11D0-8D11-00A0C91BC942}") = "eni_test_thread_safety", "tests\eni_test_thread_safety.vcxproj", "{284239A9-10E6-3D24-9CF2-395CD26A9320}"
	ProjectSection(ProjectDependencies) = postProject
		{07D4364B-598A-3224-8418-0759739F52FE} = {07D4364B-598A-3224-8418-0759739F52FE}
		{35D703C0-2997-3348-A80D-773D4E114FEF} = {35D703C0-2997-3348-A80D-773D4E114FEF}
		{412B4437-EA6E-3735-A0D2-0513EC604D1B} = {412B4437-EA6E-3735-A0D2-0513EC604D1B}
		{03F241AE-DD99-335C-AAAA-E3ECCDFA6CA6} = {03F241AE-DD99-335C-AAAA-E3ECCDFA6CA6}
		{3CB2D7ED-2EF8-3AC8-965B-38C0FC47D071} = {3CB2D7ED-2EF8-3AC8-965B-38C0FC47D071}
	EndProjectSection
EndProject
Project("{8BC9CEB8-8B4A-11D0-8D11-00A0C91BC942}") = "eni_test_types_coverage", "tests\eni_test_types_coverage.vcxproj", "{EC78EC8F-FEC6-3F12-82A5-3B5DD662ED98}"
	ProjectSection(ProjectDependencies) = postProject
		{07D4364B-598A-3224-8418-0759739F52FE} = {07D4364B-598A-3224-8418-0759739F52FE}
		{35D703C0-2997-3348-A80D-773D4E114FEF} = {35D703C0-2997-3348-A80D-773D4E114FEF}
	EndProjectSection
EndProject
Project("{8BC9CEB8-8B4A-11D0-8D11-00A0C91BC942}") = "static-analysis", "static-analysis.vcxproj", "{E18D4EE5-8CC3-3892-8279-D8A218AF6411}"
	ProjectSection(ProjectDependencies) = postProject
		{07D4364B-598A-3224-8418-0759739F52FE} = {07D4364B-598A-3224-8418-0759739F52FE}
	EndProjectSection
EndProject
Global
	GlobalSection(SolutionConfigurationPlatforms) = preSolution
		Debug|x64 = Debug|x64
		Release|x64 = Release|x64
		MinSizeRel|x64 = MinSizeRel|x64
		RelWithDebInfo|x64 = RelWithDebInfo|x64
	EndGlobalSection
	GlobalSection(ProjectConfigurationPlatforms) = postSolution
		{CD1D8A80-7768-3E0C-8DD1-051F8D388964}.Debug|x64.ActiveCfg = Debug|x64
		{CD1D8A80-7768-3E0C-8DD1-051F8D388964}.Release|x64.ActiveCfg = Release|x64
		{CD1D8A80-7768-3E0C-8DD1-051F8D388964}.MinSizeRel|x64.ActiveCfg = MinSizeRel|x64
		{CD1D8A80-7768-3E0C-8DD1-051F8D388964}.RelWithDebInfo|x64.ActiveCfg = RelWithDebInfo|x64
		{451EFA36-3F54-3A50-A5C4-BDC3FA39EBF3}.Debug|x64.ActiveCfg = Debug|x64
		{451EFA36-3F54-3A50-A5C4-BDC3FA39EBF3}.Release|x64.ActiveCfg = Release|x64
		{451EFA36-3F54-3A50-A5C4-BDC3FA39EBF3}.MinSizeRel|x64.ActiveCfg = MinSizeRel|x64
		{451EFA36-3F54-3A50-A5C4-BDC3FA39EBF3}.RelWithDebInfo|x64.ActiveCfg = RelWithDebInfo|x64
		{07D4364B-598A-3224-8418-0759739F52FE}.Debug|x64.ActiveCfg = Debug|x64
		{07D4364B-598A-3224-8418-0759739F52FE}.Debug|x64.Build.0 = Debug|x64
		{07D4364B-598A-3224-8418-0759739F52FE}.Release|x64.ActiveCfg = Release|x64
		{07D4364B-598A-3224-8418-0759739F52FE}.Release|x64.Build.0 = Release|x64
		{07D4364B-598A-3224-8418-0759739F52FE}.MinSizeRel|x64.ActiveCfg = MinSizeRel|x64
		{07D4364B-598A-3224-8418-0759739F52FE}.MinSizeRel|x64.Build.0 = MinSizeRel|x64
		{07D4364B-598A-3224-8418-0759739F52FE}.RelWithDebInfo|x64.ActiveCfg = RelWithDebInfo|x64
		{07D4364B-598A-3224-8418-0759739F52FE}.RelWithDebInfo|x64.Build.0 = RelWithDebInfo|x64
		{B9F85922-0724-302A-AEC8-9954C8187453}.Debug|x64.ActiveCfg = Debug|x64
		{B9F85922-0724-302A-AEC8-9954C8187453}.Debug|x64.Build.0 = Debug|x64
		{B9F85922-0724-302A-AEC8-9954C8187453}.Release|x64.ActiveCfg = Release|x64
		{B9F85922-0724-302A-AEC8-9954C8187453}.Release|x64.Build.0 = Release|x64
		{B9F85922-0724-302A-AEC8-9954C8187453}.MinSizeRel|x64.ActiveCfg = MinSizeRel|x64
		{B9F85922-0724-302A-AEC8-9954C8187453}.MinSizeRel|x64.Build.0 = MinSizeRel|x64
		{B9F85922-0724-302A-AEC8-9954C8187453}.RelWithDebInfo|x64.ActiveCfg = RelWithDebInfo|x64
		{B9F85922-0724-302A-AEC8-9954C8187453}.RelWithDebInfo|x64.Build.0 = RelWithDebInfo|x64
		{35D703C0-2997-3348-A80D-773D4E114FEF}.Debug|x64.ActiveCfg = Debug|x64
		{35D703C0-2997-3348-A80D-773D4E114FEF}.Debug|x64.Build.0 = Debug|x64
		{35D703C0-2997-3348-A80D-773D4E114FEF}.Release|x64.ActiveCfg = Release|x64
		{35D703C0-2997-3348-A80D-773D4E114FEF}.Release|x64.Build.0 = Release|x64
		{35D703C0-2997-3348-A80D-773D4E114FEF}.MinSizeRel|x64.ActiveCfg = MinSizeRel|x64
		{35D703C0-2997-3348-A80D-773D4E114FEF}.MinSizeRel|x64.Build.0 = MinSizeRel|x64
		{35D703C0-2997-3348-A80D-773D4E114FEF}.RelWithDebInfo|x64.ActiveCfg = RelWithDebInfo|x64
		{35D703C0-2997-3348-A80D-773D4E114FEF}.RelWithDebInfo|x64.Build.0 = RelWithDebInfo|x64
		{412B4437-EA6E-3735-A0D2-0513EC604D1B}.Debug|x64.ActiveCfg = Debug|x64
		{412B4437-EA6E-3735-A0D2-0513EC604D1B}.Debug|x64.Build.0 = Debug|x64
		{412B4437-EA6E-3735-A0D2-0513EC604D1B}.Release|x64.ActiveCfg = Release|x64
		{412B4437-EA6E-3735-A0D2-0513EC604D1B}.Release|x64.Build.0 = Release|x64
		{412B4437-EA6E-3735-A0D2-0513EC604D1B}.MinSizeRel|x64.ActiveCfg = MinSizeRel|x64
		{412B4437-EA6E-3735-A0D2-0513EC604D1B}.MinSizeRel|x64.Build.0 = MinSizeRel|x64
		{412B4437-EA6E-3735-A0D2-0513EC604D1B}.RelWithDebInfo|x64.ActiveCfg = RelWithDebInfo|x64
		{412B4437-EA6E-3735-A0D2-0513EC604D1B}.RelWithDebInfo|x64.Build.0 = RelWithDebInfo|x64
		{03F241AE-DD99-335C-AAAA-E3ECCDFA6CA6}.Debug|x64.ActiveCfg = Debug|x64
		{03F241AE-DD99-335C-AAAA-E3ECCDFA6CA6}.Debug|x64.Build.0 = Debug|x64
		{03F241AE-DD99-335C-AAAA-E3ECCDFA6CA6}.Release|x64.ActiveCfg = Release|x64
		{03F241AE-DD99-335C-AAAA-E3ECCDFA6CA6}.Release|x64.Build.0 = Release|x64
		{03F241AE-DD99-335C-AAAA-E3ECCDFA6CA6}.MinSizeRel|x64.ActiveCfg = MinSizeRel|x64
		{03F241AE-DD99-335C-AAAA-E3ECCDFA6CA6}.MinSizeRel|x64.Build.0 = MinSizeRel|x64
		{03F241AE-DD99-335C-AAAA-E3ECCDFA6CA6}.RelWithDebInfo|x64.ActiveCfg = RelWithDebInfo|x64
		{03F241AE-DD99-335C-AAAA-E3ECCDFA6CA6}.RelWithDebInfo|x64.Build.0 = RelWithDebInfo|x64
		{3CB2D7ED-2EF8-3AC8-965B-38C0FC47D071}.Debug|x64.ActiveCfg = Debug|x64
		{3CB2D7ED-2EF8-3AC8-965B-38C0FC47D071}.Debug|x64.Build.0 = Debug|x64
		{3CB2D7ED-2EF8-3AC8-965B-38C0FC47D071}.Release|x64.ActiveCfg = Release|x64
		{3CB2D7ED-2EF8-3AC8-965B-38C0FC47D071}.Release|x64.Build.0 = Release|x64
		{3CB2D7ED-2EF8-3AC8-965B-38C0FC47D071}.MinSizeRel|x64.ActiveCfg = MinSizeRel|x64
		{3CB2D7ED-2EF8-3AC8-965B-38C0FC47D071}.MinSizeRel|x64.Build.0 = MinSizeRel|x64
		{3CB2D7ED-2EF8-3AC8-965B-38C0FC47D071}.RelWithDebInfo|x64.ActiveCfg = RelWithDebInfo|x64
		{3CB2D7ED-2EF8-3AC8-965B-38C0FC47D071}.RelWithDebInfo|x64.Build.0 = RelWithDebInfo|x64
		{31A304CF-4BF0-3823-A6F8-8D792D554948}.Debug|x64.ActiveCfg = Debug|x64
		{31A304CF-4BF0-3823-A6F8-8D792D554948}.Debug|x64.Build.0 = Debug|x64
		{31A304CF-4BF0-3823-A6F8-8D792D554948}.Release|x64.ActiveCfg = Release|x64
		{31A304CF-4BF0-3823-A6F8-8D792D554948}.Release|x64.Build.0 = Release|x64
		{31A304CF-4BF0-3823-A6F8-8D792D554948}.MinSizeRel|x64.ActiveCfg = MinSizeRel|x64
		{31A304CF-4BF0-3823-A6F8-8D792D554948}.MinSizeRel|x64.Build.0 = MinSizeRel|x64
		{31A304CF-4BF0-3823-A6F8-8D792D554948}.RelWithDebInfo|x64.ActiveCfg = RelWithDebInfo|x64
		{31A304CF-4BF0-3823-A6F8-8D792D554948}.RelWithDebInfo|x64.Build.0 = RelWithDebInfo|x64
		{641B0573-47B3-33CD-A4F9-B752703C5028}.Debug|x64.ActiveCfg = Debug|x64
		{641B0573-47B3-33CD-A4F9-B752703C5028}.Debug|x64.Build.0 = Debug|x64
		{641B0573-47B3-33CD-A4F9-B752703C5028}.Release|x64.ActiveCfg = Release|x64
		{641B0573-47B3-33CD-A4F9-B752703C5028}.Release|x64.Build.0 = Release|x64
		{641B0573-47B3-33CD-A4F9-B752703C5028}.MinSizeRel|x64.ActiveCfg = MinSizeRel|x64
		{641B0573-47B3-33CD-A4F9-B752703C5028}.MinSizeRel|x64.Build.0 = MinSizeRel|x64
		{641B0573-47B3-33CD-A4F9-B752703C5028}.RelWithDebInfo|x64.ActiveCfg = RelWithDebInfo|x64
		{641B0573-47B3-33CD-A4F9-B752703C5028}.RelWithDebInfo|x64.Build.0 = RelWithDebInfo|x64
		{D509B8BD-BC2E-3A9D-8C66-CF0D62D6C521}.Debug|x64.ActiveCfg = Debug|x64
		{D509B8BD-BC2E-3A9D-8C66-CF0D62D6C521}.Debug|x64.Build.0 = Debug|x64
		{D509B8BD-BC2E-3A9D-8C66-CF0D62D6C521}.Release|x64.ActiveCfg = Release|x64
		{D509B8BD-BC2E-3A9D-8C66-CF0D62D6C521}.Release|x64.Build.0 = Release|x64
		{D509B8BD-BC2E-3A9D-8C66-CF0D62D6C521}.MinSizeRel|x64.ActiveCfg = MinSizeRel|x64
		{D509B8BD-BC2E-3A9D-8C66-CF0D62D6C521}.MinSizeRel|x64.Build.0 = MinSizeRel|x64
		{D509B8BD-BC2E-3A9D-8C66-CF0D62D6C521}.RelWithDebInfo|x64.ActiveCfg = RelWithDebInfo|x64
		{D509B8BD-BC2E-3A9D-8C66-CF0D62D6C521}.RelWithDebInfo|x64.Build.0 = RelWithDebInfo|x64
		{5C91A7BD-D39E-36AB-9D48-D8E2B883D253}.Debug|x64.ActiveCfg = Debug|x64
		{5C91A7BD-D39E-36AB-9D48-D8E2B883D253}.Debug|x64.Build.0 = Debug|x64
		{5C91A7BD-D39E-36AB-9D48-D8E2B883D253}.Release|x64.ActiveCfg = Release|x64
		{5C91A7BD-D39E-36AB-9D48-D8E2B883D253}.Release|x64.Build.0 = Release|x64
		{5C91A7BD-D39E-36AB-9D48-D8E2B883D253}.MinSizeRel|x64.ActiveCfg = MinSizeRel|x64
		{5C91A7BD-D39E-36AB-9D48-D8E2B883D253}.MinSizeRel|x64.Build.0 = MinSizeRel|x64
		{5C91A7BD-D39E-36AB-9D48-D8E2B883D253}.RelWithDebInfo|x64.ActiveCfg = RelWithDebInfo|x64
		{5C91A7BD-D39E-36AB-9D48-D8E2B883D253}.RelWithDebInfo|x64.Build.0 = RelWithDebInfo|x64
		{CF155DB0-B86D-31AB-BAC0-6B4959930524}.Debug|x64.ActiveCfg = Debug|x64
		{CF155DB0-B86D-31AB-BAC0-6B4959930524}.Debug|x64.Build.0 = Debug|x64
		{CF155DB0-B86D-31AB-BAC0-6B4959930524}.Release|x64.ActiveCfg = Release|x64
		{CF155DB0-B86D-31AB-BAC0-6B4959930524}.Release|x64.Build.0 = Release|x64
		{CF155DB0-B86D-31AB-BAC0-6B4959930524}.MinSizeRel|x64.ActiveCfg = MinSizeRel|x64
		{CF155DB0-B86D-31AB-BAC0-6B4959930524}.MinSizeRel|x64.Build.0 = MinSizeRel|x64
		{CF155DB0-B86D-31AB-BAC0-6B4959930524}.RelWithDebInfo|x64.ActiveCfg = RelWithDebInfo|x64
		{CF155DB0-B86D-31AB-BAC0-6B4959930524}.RelWithDebInfo|x64.Build.0 = RelWithDebInfo|x64
		{94131B9C-4DE1-3DDF-BCA9-D45330ACC518}.Debug|x64.ActiveCfg = Debug|x64
		{94131B9C-4DE1-3DDF-BCA9-D45330ACC518}.Debug|x64.Build.0 = Debug|x64
		{94131B9C-4DE1-3DDF-BCA9-D45330ACC518}.Release|x64.ActiveCfg = Release|x64
		{94131B9C-4DE1-3DDF-BCA9-D45330ACC518}.Release|x64.Build.0 = Release|x64
		{94131B9C-4DE1-3DDF-BCA9-D45330ACC518}.MinSizeRel|x64.ActiveCfg = MinSizeRel|x64
		{94131B9C-4DE1-3DDF-BCA9-D45330ACC518}.MinSizeRel|x64.Build.0 = MinSizeRel|x64
		{94131B9C-4DE1-3DDF-BCA9-D45330ACC518}.RelWithDebInfo|x64.ActiveCfg = RelWithDebInfo|x64
		{94131B9C-4DE1-3DDF-BCA9-D45330ACC518}.RelWithDebInfo|x64.Build.0 = RelWithDebInfo|x64
		{6E2F0775-7A76-34B1-B3E1-2D0B986D9E77}.Debug|x64.ActiveCfg = Debug|x64
		{6E2F0775-7A76-34B1-B3E1-2D0B986D9E77}.Debug|x64.Build.0 = Debug|x64
		{6E2F0775-7A76-34B1-B3E1-2D0B986D9E77}.Release|x64.ActiveCfg = Release|x64
		{6E2F0775-7A76-34B1-B3E1-2D0B986D9E77}.Release|x64.Build.0 = Release|x64
		{6E2F0775-7A76-34B1-B3E1-2D0B986D9E77}.MinSizeRel|x64.ActiveCfg = MinSizeRel|x64
		{6E2F0775-7A76-34B1-B3E1-2D0B986D9E77}.MinSizeRel|x64.Build.0 = MinSizeRel|x64
		{6E2F0775-7A76-34B1-B3E1-2D0B986D9E77}.RelWithDebInfo|x64.ActiveCfg = RelWithDebInfo|x64
		{6E2F0775-7A76-34B1-B3E1-2D0B986D9E77}.RelWithDebInfo|x64.Build.0 = RelWithDebInfo|x64
		{69DB658E-21C5-3C3A-A654-6FA61FDAFDCB}.Debug|x64.ActiveCfg = Debug|x64
		{69DB658E-21C5-3C3A-A654-6FA61FDAFDCB}.Debug|x64.Build.0 = Debug|x64
		{69DB658E-21C5-3C3A-A654-6FA61FDAFDCB}.Release|x64.ActiveCfg = Release|x64
		{69DB658E-21C5-3C3A-A654-6FA61FDAFDCB}.Release|x64.Build.0 = Release|x64
		{69DB658E-21C5-3C3A-A654-6FA61FDAFDCB}.MinSizeRel|x64.ActiveCfg = MinSizeRel|x64
		{69DB658E-21C5-3C3A-A654-6FA61FDAFDCB}.MinSizeRel|x64.Build.0 = MinSizeRel|x64
		{69DB658E-21C5-3C3A-A654-6FA61FDAFDCB}.RelWithDebInfo|x64.ActiveCfg = RelWithDebInfo|x64
		{69DB658E-21C5-3C3A-A654-6FA61FDAFDCB}.RelWithDebInfo|x64.Build.0 = RelWithDebInfo|x64
		{69BBA716-286B-3040-8CE7-A87E9DF8C51F}.Debug|x64.ActiveCfg = Debug|x64
		{69BBA716-286B-3040-8CE7-A87E9DF8C51F}.Debug|x64.Build.0 = Debug|x64
		{69BBA716-286B-3040-8CE7-A87E9DF8C51F}.Release|x64.ActiveCfg = Release|x64
		{69BBA716-286B-3040-8CE7-A87E9DF8C51F}.Release|x64.Build.0 = Release|x64
		{69BBA716-286B-3040-8CE7-A87E9DF8C51F}.MinSizeRel|x64.ActiveCfg = MinSizeRel|x64
		{69BBA716-286B-3040-8CE7-A87E9DF8C51F}.MinSizeRel|x64.Build.0 = MinSizeRel|x64
		{69BBA716-286B-3040-8CE7-A87E9DF8C51F}.RelWithDebInfo|x64.ActiveCfg = RelWithDebInfo|x64
		{69BBA716-286B-3040-8CE7-A87E9DF8C51F}.RelWithDebInfo|x64.Build.0 = RelWithDebInfo|x64
		{A550DE4F-794E-3226-9EDD-414F793CA1A7}.Debug|x64.ActiveCfg = Debug|x64
		{A550DE4F-794E-3226-9EDD-414F793CA1A7}.Debug|x64.Build.0 = Debug|x64
		{A550DE4F-794E-3226-9EDD-414F793CA1A7}.Release|x64.ActiveCfg = Release|x64
		{A550DE4F-794E-3226-9EDD-414F793CA1A7}.Release|x64.Build.0 = Release|x64
		{A550DE4F-794E-3226-9EDD-414F793CA1A7}.MinSizeRel|x64.ActiveCfg = MinSizeRel|x64
		{A550DE4F-794E-3226-9EDD-414F793CA1A7}.MinSizeRel|x64.Build.0 = MinSizeRel|x64
		{A550DE4F-794E-3226-9EDD-414F793CA1A7}.RelWithDebInfo|x64.ActiveCfg = RelWithDebInfo|x64
		{A550DE4F-794E-3226-9EDD-414F793CA1A7}.RelWithDebInfo|x64.Build.0 = RelWithDebInfo|x64
		{49594440-800E-3D05-A651-756C8CC39F24}.Debug|x64.ActiveCfg = Debug|x64
		{49594440-800E-3D05-A651-756C8CC39F24}.Debug|x64.Build.0 = Debug|x64
		{49594440-800E-3D05-A651-756C8CC39F24}.Release|x64.ActiveCfg = Release|x64
		{49594440-800E-3D05-A651-756C8CC39F24}.Release|x64.Build.0 = Release|x64
		{49594440-800E-3D05-A651-756C8CC39F24}.MinSizeRel|x64.ActiveCfg = MinSizeRel|x64
		{49594440-800E-3D05-A651-756C8CC39F24}.MinSizeRel|x64.Build.0 = MinSizeRel|x64
		{49594440-800E-3D05-A651-756C8CC39F24}.RelWithDebInfo|x64.ActiveCfg = RelWithDebInfo|x64
		{49594440-800E-3D05-A651-756C8CC39F24}.RelWithDebInfo|x64.Build.0 = RelWithDebInfo|x64
		{A9EB7703-9ACD-3F06-9379-F3260A731ECC}.Debug|x64.ActiveCfg = Debug|x64
		{A9EB7703-9ACD-3F06-9379-F3260A731ECC}.Debug|x64.Build.0 = Debug|x64
		{A9EB7703-9ACD-3F06-9379-F3260A731ECC}.Release|x64.ActiveCfg = Release|x64
		{A9EB7703-9ACD-3F06-9379-F3260A731ECC}.Release|x64.Build.0 = Release|x64
		{A9EB7703-9ACD-3F06-9379-F3260A731ECC}.MinSizeRel|x64.ActiveCfg = MinSizeRel|x64
		{A9EB7703-9ACD-3F06-9379-F3260A731ECC}.MinSizeRel|x64.Build.0 = MinSizeRel|x64
		{A9EB7703-9ACD-3F06-9379-F3260A731ECC}.RelWithDebInfo|x64.ActiveCfg = RelWithDebInfo|x64
		{A9EB7703-9ACD-3F06-9379-F3260A731ECC}.RelWithDebInfo|x64.Build.0 = RelWithDebInfo|x64
		{56CBE19F-730F-3090-AF86-F92406EDF598}.Debug|x64.ActiveCfg = Debug|x64
		{56CBE19F-730F-3090-AF86-F92406EDF598}.Debug|x64.Build.0 = Debug|x64
		{56CBE19F-730F-3090-AF86-F92406EDF598}.Release|x64.ActiveCfg = Release|x64
		{56CBE19F-730F-3090-AF86-F92406EDF598}.Release|x64.Build.0 = Release|x64
		{56CBE19F-730F-3090-AF86-F92406EDF598}.MinSizeRel|x64.ActiveCfg = MinSizeRel|x64
		{56CBE19F-730F-3090-AF86-F92406EDF598}.MinSizeRel|x64.Build.0 = MinSizeRel|x64
		{56CBE19F-730F-3090-AF86-F92406EDF598}.RelWithDebInfo|x64.ActiveCfg = RelWithDebInfo|x64
		{56CBE19F-730F-3090-AF86-F92406EDF598}.RelWithDebInfo|x64.Build.0 = RelWithDebInfo|x64
		{7E984227-26ED-3C10-BED9-73500DF9B383}.Debug|x64.ActiveCfg = Debug|x64
		{7E984227-26ED-3C10-BED9-73500DF9B383}.Debug|x64.Build.0 = Debug|x64
		{7E984227-26ED-3C10-BED9-73500DF9B383}.Release|x64.ActiveCfg = Release|x64
		{7E984227-26ED-3C10-BED9-73500DF9B383}.Release|x64.Build.0 = Release|x64
		{7E984227-26ED-3C10-BED9-73500DF9B383}.MinSizeRel|x64.ActiveCfg = MinSizeRel|x64
		{7E984227-26ED-3C10-BED9-73500DF9B383}.MinSizeRel|x64.Build.0 = MinSizeRel|x64
		{7E984227-26ED-3C10-BED9-73500DF9B383}.RelWithDebInfo|x64.ActiveCfg = RelWithDebInfo|x64
		{7E984227-26ED-3C10-BED9-73500DF9B383}.RelWithDebInfo|x64.Build.0 = RelWithDebInfo|x64
		{DC2C66AC-AE5E-3FEE-B29A-C39B1764272F}.Debug|x64.ActiveCfg = Debug|x64
		{DC2C66AC-AE5E-3FEE-B29A-C39B1764272F}.Debug|x64.Build.0 = Debug|x64
		{DC2C66AC-AE5E-3FEE-B29A-C39B1764272F}.Release|x64.ActiveCfg = Release|x64
		{DC2C66AC-AE5E-3FEE-B29A-C39B1764272F}.Release|x64.Build.0 = Release|x64
		{DC2C66AC-AE5E-3FEE-B29A-C39B1764272F}.MinSizeRel|x64.ActiveCfg = MinSizeRel|x64
		{DC2C66AC-AE5E-3FEE-B29A-C39B1764272F}.MinSizeRel|x64.Build.0 = MinSizeRel|x64
		{DC2C66AC-AE5E-3FEE-B29A-C39B1764272F}.RelWithDebInfo|x64.ActiveCfg = RelWithDebInfo|x64
		{DC2C66AC-AE5E-3FEE-B29A-C39B1764272F}.RelWithDebInfo|x64.Build.0 = RelWithDebInfo|x64
		{E5839C8A-4125-306A-A7DB-14EA8FD52627}.Debug|x64.ActiveCfg = Debug|x64
		{E5839C8A-4125-306A-A7DB-14EA8FD52627}.Debug|x64.Build.0 = Debug|x64
		{E5839C8A-4125-306A-A7DB-14EA8FD52627}.Release|x64.ActiveCfg = Release|x64
		{E5839C8A-4125-306A-A7DB-14EA8FD52627}.Release|x64.Build.0 = Release|x64
		{E5839C8A-4125-306A-A7DB-14EA8FD52627}.MinSizeRel|x64.ActiveCfg = MinSizeRel|x64
		{E5839C8A-4125-306A-A7DB-14EA8FD52627}.MinSizeRel|x64.Build.0 = MinSizeRel|x64
		{E5839C8A-4125-306A-A7DB-14EA8FD52627}.RelWithDebInfo|x64.ActiveCfg = RelWithDebInfo|x64
		{E5839C8A-4125-306A-A7DB-14EA8FD52627}.RelWithDebInfo|x64.Build.0 = RelWithDebInfo|x64
		{7E2884F1-BF93-3F8F-BAC8-AF7D9A34D51A}.Debug|x64.ActiveCfg = Debug|x64
		{7E2884F1-BF93-3F8F-BAC8-AF7D9A34D51A}.Debug|x64.Build.0 = Debug|x64
		{7E2884F1-BF93-3F8F-BAC8-AF7D9A34D51A}.Release|x64.ActiveCfg = Release|x64
		{7E2884F1-BF93-3F8F-BAC8-AF7D9A34D51A}.Release|x64.Build.0 = Release|x64
		{7E2884F1-BF93-3F8F-BAC8-AF7D9A34D51A}.MinSizeRel|x64.ActiveCfg = MinSizeRel|x64
		{7E2884F1-BF93-3F8F-BAC8-AF7D9A34D51A}.MinSizeRel|x64.Build.0 = MinSizeRel|x64
		{7E2884F1-BF93-3F8F-BAC8-AF7D9A34D51A}.RelWithDebInfo|x64.ActiveCfg = RelWithDebInfo|x64
		{7E2884F1-BF93-3F8F-BAC8-AF7D9A34D51A}.RelWithDebInfo|x64.Build.0 = RelWithDebInfo|x64
		{AB8DA7FF-6EB3-3EE2-A934-FD2FC67CA410}.Debug|x64.ActiveCfg = Debug|x64
		{AB8DA7FF-6EB3-3EE2-A934-FD2FC67CA410}.Debug|x64.Build.0 = Debug|x64
		{AB8DA7FF-6EB3-3EE2-A934-FD2FC67CA410}.Release|x64.ActiveCfg = Release|x64
		{AB8DA7FF-6EB3-3EE2-A934-FD2FC67CA410}.Release|x64.Build.0 = Release|x64
		{AB8DA7FF-6EB3-3EE2-A934-FD2FC67CA410}.MinSizeRel|x64.ActiveCfg = MinSizeRel|x64
		{AB8DA7FF-6EB3-3EE2-A934-FD2FC67CA410}.MinSizeRel|x64.Build.0 = MinSizeRel|x64
		{AB8DA7FF-6EB3-3EE2-A934-FD2FC67CA410}.RelWithDebInfo|x64.ActiveCfg = RelWithDebInfo|x64
		{AB8DA7FF-6EB3-3EE2-A934-FD2FC67CA410}.RelWithDebInfo|x64.Build.0 = RelWithDebInfo|x64
		{E9E76CA9-CE22-3DE9-B1CC-129B462A1807}.Debug|x64.ActiveCfg = Debug|x64
		{E9E76CA9-CE22-3DE9-B1CC-129B462A1807}.Debug|x64.Build.0 = Debug|x64
		{E9E76CA9-CE22-3DE9-B1CC-129B462A1807}.Release|x64.ActiveCfg = Release|x64
		{E9E76CA9-CE22-3DE9-B1CC-129B462A1807}.Release|x64.Build.0 = Release|x64
		{E9E76CA9-CE22-3DE9-B1CC-129B462A1807}.MinSizeRel|x64.ActiveCfg = MinSizeRel|x64
		{E9E76CA9-CE22-3DE9-B1CC-129B462A1807}.MinSizeRel|x64.Build.0 = MinSizeRel|x64
		{E9E76CA9-CE22-3DE9-B1CC-129B462A1807}.RelWithDebInfo|x64.ActiveCfg = RelWithDebInfo|x64
		{E9E76CA9-CE22-3DE9-B1CC-129B462A1807}.RelWithDebInfo|x64.Build.0 = RelWithDebInfo|x64
		{1C524A01-890D-398D-9611-B4C1FBD89100}.Debug|x64.ActiveCfg = Debug|x64
		{1C524A01-890D-398D-9611-B4C1FBD89100}.Debug|x64.Build.0 = Debug|x64
		{1C524A01-890D-398D-9611-B4C1FBD89100}.Release|x64.ActiveCfg = Release|x64
		{1C524A01-890D-398D-9611-B4C1FBD89100}.Release|x64.Build.0 = Release|x64
		{1C524A01-890D-398D-9611-B4C1FBD89100}.MinSizeRel|x64.ActiveCfg = MinSizeRel|x64
		{1C524A01-890D-398D-9611-B4C1FBD89100}.MinSizeRel|x64.Build.0 = MinSizeRel|x64
		{1C524A01-890D-398D-9611-B4C1FBD89100}.RelWithDebInfo|x64.ActiveCfg = RelWithDebInfo|x64
		{1C524A01-890D-398D-9611-B4C1FBD89100}.RelWithDebInfo|x64.Build.0 = RelWithDebInfo|x64
		{482F95C4-5E1B-38DC-AFE6-23312B2C7387}.Debug|x64.ActiveCfg = Debug|x64
		{482F95C4-5E1B-38DC-AFE6-23312B2C7387}.Debug|x64.Build.0 = Debug|x64
		{482F95C4-5E1B-38DC-AFE6-23312B2C7387}.Release|x64.ActiveCfg = Release|x64
		{482F95C4-5E1B-38DC-AFE6-23312B2C7387}.Release|x64.Build.0 = Release|x64
		{482F95C4-5E1B-38DC-AFE6-23312B2C7387}.MinSizeRel|x64.ActiveCfg = MinSizeRel|x64
		{482F95C4-5E1B-38DC-AFE6-23312B2C7387}.MinSizeRel|x64.Build.0 = MinSizeRel|x64
		{482F95C4-5E1B-38DC-AFE6-23312B2C7387}.RelWithDebInfo|x64.ActiveCfg = RelWithDebInfo|x64
		{482F95C4-5E1B-38DC-AFE6-23312B2C7387}.RelWithDebInfo|x64.Build.0 = RelWithDebInfo|x64
		{D2AB6843-37E8-3B86-B9CF-EA2ABF681CAA}.Debug|x64.ActiveCfg = Debug|x64
		{D2AB6843-37E8-3B86-B9CF-EA2ABF681CAA}.Debug|x64.Build.0 = Debug|x64
		{D2AB6843-37E8-3B86-B9CF-EA2ABF681CAA}.Release|x64.ActiveCfg = Release|x64
		{D2AB6843-37E8-3B86-B9CF-EA2ABF681CAA}.Release|x64.Build.0 = Release|x64
		{D2AB6843-37E8-3B86-B9CF-EA2ABF681CAA}.MinSizeRel|x64.ActiveCfg = MinSizeRel|x64
		{D2AB6843-37E8-3B86-B9CF-EA2ABF681CAA}.MinSizeRel|x64.Build.0 = MinSizeRel|x64
		{D2AB6843-37E8-3B86-B9CF-EA2ABF681CAA}.RelWithDebInfo|x64.ActiveCfg = RelWithDebInfo|x64
		{D2AB6843-37E8-3B86-B9CF-EA2ABF681CAA}.RelWithDebInfo|x64.Build.0 = RelWithDebInfo|x64
		{0566C058-F5C7-3873-9131-3CFE59B4CB1A}.Debug|x64.ActiveCfg = Debug|x64
		{0566C058-F5C7-3873-9131-3CFE59B4CB1A}.Debug|x64.Build.0 = Debug|x64
		{0566C058-F5C7-3873-9131-3CFE59B4CB1A}.Release|x64.ActiveCfg = Release|x64
		{0566C058-F5C7-3873-9131-3CFE59B4CB1A}.Release|x64.Build.0 = Release|x64
		{0566C058-F5C7-3873-9131-3CFE59B4CB1A}.MinSizeRel|x64.ActiveCfg = MinSizeRel|x64
		{0566C058-F5C7-3873-9131-3CFE59B4CB1A}.MinSizeRel|x64.Build.0 = MinSizeRel|x64
		{0566C058-F5C7-3873-9131-3CFE59B4CB1A}.RelWithDebInfo|x64.ActiveCfg = RelWithDebInfo|x64
		{0566C058-F5C7-3873-9131-3CFE59B4CB1A}.RelWithDebInfo|x64.Build.0 = RelWithDebInfo|x64
		{F7BB4F0A-1EA7-36E2-B413-12823C71F3BE}.Debug|x64.ActiveCfg = Debug|x64
		{F7BB4F0A-1EA7-36E2-B413-12823C71F3BE}.Debug|x64.Build.0 = Debug|x64
		{F7BB4F0A-1EA7-36E2-B413-12823C71F3BE}.Release|x64.ActiveCfg = Release|x64
		{F7BB4F0A-1EA7-36E2-B413-12823C71F3BE}.Release|x64.Build.0 = Release|x64
		{F7BB4F0A-1EA7-36E2-B413-12823C71F3BE}.MinSizeRel|x64.ActiveCfg = MinSizeRel|x64
		{F7BB4F0A-1EA7-36E2-B413-12823C71F3BE}.MinSizeRel|x64.Build.0 = MinSizeRel|x64
		{F7BB4F0A-1EA7-36E2-B413-12823C71F3BE}.RelWithDebInfo|x64.ActiveCfg = RelWithDebInfo|x64
		{F7BB4F0A-1EA7-36E2-B413-12823C71F3BE}.RelWithDebInfo|x64.Build.0 = RelWithDebInfo|x64
		{274B782A-EE14-312B-84AB-CCB800C85767}.Debug|x64.ActiveCfg = Debug|x64
		{274B782A-EE14-312B-84AB-CCB800C85767}.Debug|x64.Build.0 = Debug|x64
		{274B782A-EE14-312B-84AB-CCB800C85767}.Release|x64.ActiveCfg = Release|x64
		{274B782A-EE14-312B-84AB-CCB800C85767}.Release|x64.Build.0 = Release|x64
		{274B782A-EE14-312B-84AB-CCB800C85767}.MinSizeRel|x64.ActiveCfg = MinSizeRel|x64
		{274B782A-EE14-312B-84AB-CCB800C85767}.MinSizeRel|x64.Build.0 = MinSizeRel|x64
		{274B782A-EE14-312B-84AB-CCB800C85767}.RelWithDebInfo|x64.ActiveCfg = RelWithDebInfo|x64
		{274B782A-EE14-312B-84AB-CCB800C85767}.RelWithDebInfo|x64.Build.0 = RelWithDebInfo|x64
		{26481E95-B0A1-33CD-8489-B1DAC26DE70C}.Debug|x64.ActiveCfg = Debug|x64
		{26481E95-B0A1-33CD-8489-B1DAC26DE70C}.Debug|x64.Build.0 = Debug|x64
		{26481E95-B0A1-33CD-8489-B1DAC26DE70C}.Release|x64.ActiveCfg = Release|x64
		{26481E95-B0A1-33CD-8489-B1DAC26DE70C}.Release|x64.Build.0 = Release|x64
		{26481E95-B0A1-33CD-8489-B1DAC26DE70C}.MinSizeRel|x64.ActiveCfg = MinSizeRel|x64
		{26481E95-B0A1-33CD-8489-B1DAC26DE70C}.MinSizeRel|x64.Build.0 = MinSizeRel|x64
		{26481E95-B0A1-33CD-8489-B1DAC26DE70C}.RelWithDebInfo|x64.ActiveCfg = RelWithDebInfo|x64
		{26481E95-B0A1-33CD-8489-B1DAC26DE70C}.RelWithDebInfo|x64.Build.0 = RelWithDebInfo|x64
		{5CBED831-4441-3FD4-9EA4-565558900110}.Debug|x64.ActiveCfg = Debug|x64
		{5CBED831-4441-3FD4-9EA4-565558900110}.Debug|x64.Build.0 = Debug|x64
		{5CBED831-4441-3FD4-9EA4-565558900110}.Release|x64.ActiveCfg = Release|x64
		{5CBED831-4441-3FD4-9EA4-565558900110}.Release|x64.Build.0 = Release|x64
		{5CBED831-4441-3FD4-9EA4-565558900110}.MinSizeRel|x64.ActiveCfg = MinSizeRel|x64
		{5CBED831-4441-3FD4-9EA4-565558900110}.MinSizeRel|x64.Build.0 = MinSizeRel|x64
		{5CBED831-4441-3FD4-9EA4-565558900110}.RelWithDebInfo|x64.ActiveCfg = RelWithDebInfo|x64
		{5CBED831-4441-3FD4-9EA4-565558900110}.RelWithDebInfo|x64.Build.0 = RelWithDebInfo|x64
		{197570A1-432D-3E20-B9F4-5E1B6883357A}.Debug|x64.ActiveCfg = Debug|x64
		{197570A1-432D-3E20-B9F4-5E1B6883357A}.Debug|x64.Build.0 = Debug|x64
		{197570A1-432D-3E20-B9F4-5E1B6883357A}.Release|x64.ActiveCfg = Release|x64
		{197570A1-432D-3E20-B9F4-5E1B6883357A}.Release|x64.Build.0 = Release|x64
		{197570A1-432D-3E20-B9F4-5E1B6883357A}.MinSizeRel|x64.ActiveCfg = MinSizeRel|x64
		{197570A1-432D-3E20-B9F4-5E1B6883357A}.MinSizeRel|x64.Build.0 = MinSizeRel|x64
		{197570A1-432D-3E20-B9F4-5E1B6883357A}.RelWithDebInfo|x64.ActiveCfg = RelWithDebInfo|x64
		{197570A1-432D-3E20-B9F4-5E1B6883357A}.RelWithDebInfo|x64.Build.0 = RelWithDebInfo|x64
		{0D136FB4-7082-31FB-B2C9-D44AA6A3502A}.Debug|x64.ActiveCfg = Debug|x64
		{0D136FB4-7082-31FB-B2C9-D44AA6A3502A}.Debug|x64.Build.0 = Debug|x64
		{0D136FB4-7082-31FB-B2C9-D44AA6A3502A}.Release|x64.ActiveCfg = Release|x64
		{0D136FB4-7082-31FB-B2C9-D44AA6A3502A}.Release|x64.Build.0 = Release|x64
		{0D136FB4-7082-31FB-B2C9-D44AA6A3502A}.MinSizeRel|x64.ActiveCfg = MinSizeRel|x64
		{0D136FB4-7082-31FB-B2C9-D44AA6A3502A}.MinSizeRel|x64.Build.0 = MinSizeRel|x64
		{0D136FB4-7082-31FB-B2C9-D44AA6A3502A}.RelWithDebInfo|x64.ActiveCfg = RelWithDebInfo|x64
		{0D136FB4-7082-31FB-B2C9-D44AA6A3502A}.RelWithDebInfo|x64.Build.0 = RelWithDebInfo|x64
		{674971E3-C99C-3467-9CD1-4EF75A8DB6EB}.Debug|x64.ActiveCfg = Debug|x64
		{674971E3-C99C-3467-9CD1-4EF75A8DB6EB}.Debug|x64.Build.0 = Debug|x64
		{674971E3-C99C-3467-9CD1-4EF75A8DB6EB}.Release|x64.ActiveCfg = Release|x64
		{674971E3-C99C-3467-9CD1-4EF75A8DB6EB}.Release|x64.Build.0 = Release|x64
		{674971E3-C99C-3467-9CD1-4EF75A8DB6EB}.MinSizeRel|x64.ActiveCfg = MinSizeRel|x64
		{674971E3-C99C-3467-9CD1-4EF75A8DB6EB}.MinSizeRel|x64.Build.0 = MinSizeRel|x64
		{674971E3-C99C-3467-9CD1-4EF75A8DB6EB}.RelWithDebInfo|x64.ActiveCfg = RelWithDebInfo|x64
		{674971E3-C99C-3467-9CD1-4EF75A8DB6EB}.RelWithDebInfo|x64.Build.0 = RelWithDebInfo|x64
		{1FBFB8DD-9C83-3798-A13E-202ED9C4895C}.Debug|x64.ActiveCfg = Debug|x64
		{1FBFB8DD-9C83-3798-A13E-202ED9C4895C}.Debug|x64.Build.0 = Debug|x64
		{1FBFB8DD-9C83-3798-A13E-202ED9C4895C}.Release|x64.ActiveCfg = Release|x64
		{1FBFB8DD-9C83-3798-A13E-202ED9C4895C}.Release|x64.Build.0 = Release|x64
		{1FBFB8DD-9C83-3798-A13E-202ED9C4895C}.MinSizeRel|x64.ActiveCfg = MinSizeRel|x64
		{1FBFB8DD-9C83-3798-A13E-202ED9C4895C}.MinSizeRel|x64.Build.0 = MinSizeRel|x64
		{1FBFB8DD-9C83-3798-A13E-202ED9C4895C}.RelWithDebInfo|x64.ActiveCfg = RelWithDebInfo|x64
		{1FBFB8DD-9C83-3798-A13E-202ED9C4895C}.RelWithDebInfo|x64.Build.0 = RelWithDebInfo|x64
		{D5493E58-A9CB-3092-8C77-EC7056B1F3A0}.Debug|x64.ActiveCfg = Debug|x64
		{D5493E58-A9CB-3092-8C77-EC7056B1F3A0}.Debug|x64.Build.0 = Debug|x64
		{D5493E58-A9CB-3092-8C77-EC7056B1F3A0}.Release|x64.ActiveCfg = Release|x64
		{D5493E58-A9CB-3092-8C77-EC7056B1F3A0}.Release|x64.Build.0 = Release|x64
		{D5493E58-A9CB-3092-8C77-EC7056B1F3A0}.MinSizeRel|x64.ActiveCfg = MinSizeRel|x64
		{D5493E58-A9CB-3092-8C77-EC7056B1F3A0}.MinSizeRel|x64.Build.0 = MinSizeRel|x64
		{D5493E58-A9CB-3092-8C77-EC7056B1F3A0}.RelWithDebInfo|x64.ActiveCfg = RelWithDebInfo|x64
		{D5493E58-A9CB-3092-8C77-EC7056B1F3A0}.RelWithDebInfo|x64.Build.0 = RelWithDebInfo|x64
		{9C249DE4-0E42-3F34-8CE0-79BE4754BFB5}.Debug|x64.ActiveCfg = Debug|x64
		{9C249DE4-0E42-3F34-8CE0-79BE4754BFB5}.Debug|x64.Build.0 = Debug|x64
		{9C249DE4-0E42-3F34-8CE0-79BE4754BFB5}.Release|x64.ActiveCfg = Release|x64
		{9C249DE4-0E42-3F34-8CE0-79BE4754BFB5}.Release|x64.Build.0 = Release|x64
		{9C249DE4-0E42-3F34-8CE0-79BE4754BFB5}.MinSizeRel|x64.ActiveCfg = MinSizeRel|x64
		{9C249DE4-0E42-3F34-8CE0-79BE4754BFB5}.MinSizeRel|x64.Build.0 = MinSizeRel|x64
		{9C249DE4-0E42-3F34-8CE0-79BE4754BFB5}.RelWithDebInfo|x64.ActiveCfg = RelWithDebInfo|x64
		{9C249DE4-0E42-3F34-8CE0-79BE4754BFB5}.RelWithDebInfo|x64.Build.0 = RelWithDebInfo|x64
		{87C1CD8E-F6B2-3B13-8B38-05ABA6780AE5}.Debug|x64.ActiveCfg = Debug|x64
		{87C1CD8E-F6B2-3B13-8B38-05ABA6780AE5}.Debug|x64.Build.0 = Debug|x64
		{87C1CD8E-F6B2-3B13-8B38-05ABA6780AE5}.Release|x64.ActiveCfg = Release|x64
		{87C1CD8E-F6B2-3B13-8B38-05ABA6780AE5}.Release|x64.Build.0 = Release|x64
		{87C1CD8E-F6B2-3B13-8B38-05ABA6780AE5}.MinSizeRel|x64.ActiveCfg = MinSizeRel|x64
		{87C1CD8E-F6B2-3B13-8B38-05ABA6780AE5}.MinSizeRel|x64.Build.0 = MinSizeRel|x64
		{87C1CD8E-F6B2-3B13-8B38-05ABA6780AE5}.RelWithDebInfo|x64.ActiveCfg = RelWithDebInfo|x64
		{87C1CD8E-F6B2-3B13-8B38-05ABA6780AE5}.RelWithDebInfo|x64.Build.0 = RelWithDebInfo|x64
		{0F960024-4011-3160-BB1F-F844FE85BD94}.Debug|x64.ActiveCfg = Debug|x64
		{0F960024-4011-3160-BB1F-F844FE85BD94}.Debug|x64.Build.0 = Debug|x64
		{0F960024-4011-3160-BB1F-F844FE85BD94}.Release|x64.ActiveCfg = Release|x64
		{0F960024-4011-3160-BB1F-F844FE85BD94}.Release|x64.Build.0 = Release|x64
		{0F960024-4011-3160-BB1F-F844FE85BD94}.MinSizeRel|x64.ActiveCfg = MinSizeRel|x64
		{0F960024-4011-3160-BB1F-F844FE85BD94}.MinSizeRel|x64.Build.0 = MinSizeRel|x64
		{0F960024-4011-3160-BB1F-F844FE85BD94}.RelWithDebInfo|x64.ActiveCfg = RelWithDebInfo|x64
		{0F960024-4011-3160-BB1F-F844FE85BD94}.RelWithDebInfo|x64.Build.0 = RelWithDebInfo|x64
		{4B055B3B-267E-32F6-8002-0C75AEB0BFB2}.Debug|x64.ActiveCfg = Debug|x64
		{4B055B3B-267E-32F6-8002-0C75AEB0BFB2}.Debug|x64.Build.0 = Debug|x64
		{4B055B3B-267E-32F6-8002-0C75AEB0BFB2}.Release|x64.ActiveCfg = Release|x64
		{4B055B3B-267E-32F6-8002-0C75AEB0BFB2}.Release|x64.Build.0 = Release|x64
		{4B055B3B-267E-32F6-8002-0C75AEB0BFB2}.MinSizeRel|x64.ActiveCfg = MinSizeRel|x64
		{4B055B3B-267E-32F6-8002-0C75AEB0BFB2}.MinSizeRel|x64.Build.0 = MinSizeRel|x64
		{4B055B3B-267E-32F6-8002-0C75AEB0BFB2}.RelWithDebInfo|x64.ActiveCfg = RelWithDebInfo|x64
		{4B055B3B-267E-32F6-8002-0C75AEB0BFB2}.RelWithDebInfo|x64.Build.0 = RelWithDebInfo|x64
		{A68BE401-EE29-3552-B5CE-21B0B69AFDE8}.Debug|x64.ActiveCfg = Debug|x64
		{A68BE401-EE29-3552-B5CE-21B0B69AFDE8}.Debug|x64.Build.0 = Debug|x64
		{A68BE401-EE29-3552-B5CE-21B0B69AFDE8}.Release|x64.ActiveCfg = Release|x64
		{A68BE401-EE29-3552-B5CE-21B0B69AFDE8}.Release|x64.Build.0 = Release|x64
		{A68BE401-EE29-3552-B5CE-21B0B69AFDE8}.MinSizeRel|x64.ActiveCfg = MinSizeRel|x64
		{A68BE401-EE29-3552-B5CE-21B0B69AFDE8}.MinSizeRel|x64.Build.0 = MinSizeRel|x64
		{A68BE401-EE29-3552-B5CE-21B0B69AFDE8}.RelWithDebInfo|x64.ActiveCfg = RelWithDebInfo|x64
		{A68BE401-EE29-3552-B5CE-21B0B69AFDE8}.RelWithDebInfo|x64.Build.0 = RelWithDebInfo|x64
		{D05528A3-EF8E-303D-8CF7-DB2C6BF2CF91}.Debug|x64.ActiveCfg = Debug|x64
		{D05528A3-EF8E-303D-8CF7-DB2C6BF2CF91}.Debug|x64.Build.0 = Debug|x64
		{D05528A3-EF8E-303D-8CF7-DB2C6BF2CF91}.Release|x64.ActiveCfg = Release|x64
		{D05528A3-EF8E-303D-8CF7-DB2C6BF2CF91}.Release|x64.Build.0 = Release|x64
		{D05528A3-EF8E-303D-8CF7-DB2C6BF2CF91}.MinSizeRel|x64.ActiveCfg = MinSizeRel|x64
		{D05528A3-EF8E-303D-8CF7-DB2C6BF2CF91}.MinSizeRel|x64.Build.0 = MinSizeRel|x64
		{D05528A3-EF8E-303D-8CF7-DB2C6BF2CF91}.RelWithDebInfo|x64.ActiveCfg = RelWithDebInfo|x64
		{D05528A3-EF8E-303D-8CF7-DB2C6BF2CF91}.RelWithDebInfo|x64.Build.0 = RelWithDebInfo|x64
		{8EBE1DA4-84C8-3982-B86C-6BBCDF1E5FE6}.Debug|x64.ActiveCfg = Debug|x64
		{8EBE1DA4-84C8-3982-B86C-6BBCDF1E5FE6}.Debug|x64.Build.0 = Debug|x64
		{8EBE1DA4-84C8-3982-B86C-6BBCDF1E5FE6}.Release|x64.ActiveCfg = Release|x64
		{8EBE1DA4-84C8-3982-B86C-6BBCDF1E5FE6}.Release|x64.Build.0 = Release|x64
		{8EBE1DA4-84C8-3982-B86C-6BBCDF1E5FE6}.MinSizeRel|x64.ActiveCfg = MinSizeRel|x64
		{8EBE1DA4-84C8-3982-B86C-6BBCDF1E5FE6}.MinSizeRel|x64.Build.0 = MinSizeRel|x64
		{8EBE1DA4-84C8-3982-B86C-6BBCDF1E5FE6}.RelWithDebInfo|x64.ActiveCfg = RelWithDebInfo|x64
		{8EBE1DA4-84C8-3982-B86C-6BBCDF1E5FE6}.RelWithDebInfo|x64.Build.0 = RelWithDebInfo|x64
		{3373E6FF-07C4-349D-BF1E-31169E8AD115}.Debug|x64.ActiveCfg = Debug|x64
		{3373E6FF-07C4-349D-BF1E-31169E8AD115}.Debug|x64.Build.0 = Debug|x64
		{3373E6FF-07C4-349D-BF1E-31169E8AD115}.Release|x64.ActiveCfg = Release|x64
		{3373E6FF-07C4-349D-BF1E-31169E8AD115}.Release|x64.Build.0 = Release|x64
		{3373E6FF-07C4-349D-BF1E-31169E8AD115}.MinSizeRel|x64.ActiveCfg = MinSizeRel|x64
		{3373E6FF-07C4-349D-BF1E-31169E8AD115}.MinSizeRel|x64.Build.0 = MinSizeRel|x64
		{3373E6FF-07C4-349D-BF1E-31169E8AD115}.RelWithDebInfo|x64.ActiveCfg = RelWithDebInfo|x64
		{3373E6FF-07C4-349D-BF1E-31169E8AD115}.RelWithDebInfo|x64.Build.0 = RelWithDebInfo|x64
		{284239A9-10E6-3D24-9CF2-395CD26A9320}.Debug|x64.ActiveCfg = Debug|x64
		{284239A9-10E6-3D24-9CF2-395CD26A9320}.Debug|x64.Build.0 = Debug|x64
		{284239A9-10E6-3D24-9CF2-395CD26A9320}.Release|x64.ActiveCfg = Release|x64
		{284239A9-10E6-3D24-9CF2-395CD26A9320}.Release|x64.Build.0 = Release|x64
		{284239A9-10E6-3D24-9CF2-395CD26A9320}.MinSizeRel|x64.ActiveCfg = MinSizeRel|x64
		{284239A9-10E6-3D24-9CF2-395CD26A9320}.MinSizeRel|x64.Build.0 = MinSizeRel|x64
		{284239A9-10E6-3D24-9CF2-395CD26A9320}.RelWithDebInfo|x64.ActiveCfg = RelWithDebInfo|x64
		{284239A9-10E6-3D24-9CF2-395CD26A9320}.RelWithDebInfo|x64.Build.0 = RelWithDebInfo|x64
		{EC78EC8F-FEC6-3F12-82A5-3B5DD662ED98}.Debug|x64.ActiveCfg = Debug|x64
		{EC78EC8F-FEC6-3F12-82A5-3B5DD662ED98}.Debug|x64.Build.0 = Debug|x64
		{EC78EC8F-FEC6-3F12-82A5-3B5DD662ED98}.Release|x64.ActiveCfg = Release|x64
		{EC78EC8F-FEC6-3F12-82A5-3B5DD662ED98}.Release|x64.Build.0 = Release|x64
		{EC78EC8F-FEC6-3F12-82A5-3B5DD662ED98}.MinSizeRel|x64.ActiveCfg = MinSizeRel|x64
		{EC78EC8F-FEC6-3F12-82A5-3B5DD662ED98}.MinSizeRel|x64.Build.0 = MinSizeRel|x64
		{EC78EC8F-FEC6-3F12-82A5-3B5DD662ED98}.RelWithDebInfo|x64.ActiveCfg = RelWithDebInfo|x64
		{EC78EC8F-FEC6-3F12-82A5-3B5DD662ED98}.RelWithDebInfo|x64.Build.0 = RelWithDebInfo|x64
		{E18D4EE5-8CC3-3892-8279-D8A218AF6411}.Debug|x64.ActiveCfg = Debug|x64
		{E18D4EE5-8CC3-3892-8279-D8A218AF6411}.Release|x64.ActiveCfg = Release|x64
		{E18D4EE5-8CC3-3892-8279-D8A218AF6411}.MinSizeRel|x64.ActiveCfg = MinSizeRel|x64
		{E18D4EE5-8CC3-3892-8279-D8A218AF6411}.RelWithDebInfo|x64.ActiveCfg = RelWithDebInfo|x64
	EndGlobalSection
	GlobalSection(ExtensibilityGlobals) = postSolution
		SolutionGuid = {0FD0D56E-476E-3C5D-BEA9-F24920741C53}
	EndGlobalSection
	GlobalSection(ExtensibilityAddIns) = postSolution
	EndGlobalSection
EndGlobal
