<?xml version="1.0" encoding="utf-8"?>
<Project ToolsVersion="17.0" xmlns="http://schemas.microsoft.com/developer/msbuild/2003">
  <ItemGroup>
    <CustomBuild Include="C:\home\spatchava\embeddedos-org\eNI\build-test\CMakeFiles\1be1fc1dd26d43506691324d26b2300f\RUN_TESTS_force.rule">
      <Filter>CMake Rules</Filter>
    </CustomBuild>
  </ItemGroup>
  <ItemGroup>
    <Filter Include="CMake Rules">
      <UniqueIdentifier>{7827EB71-087B-3AFC-AEA7-F1F857F21C6F}</UniqueIdentifier>
    </Filter>
  </ItemGroup>
</Project>
